
Microsoft Visual Studio Solution File, Format Version 12.00
# Visual Studio Version 16
VisualStudioVersion = 16.0.30225.117
MinimumVisualStudioVersion = 10.0.40219.1
Project("{FAE04EC0-301F-11D3-BF4B-00C04F79EFBC}") = "Lab_2_4", "Lab_2_4\Lab_2_4.csproj", "{92DD26A2-B28B-4D39-8F84-473DB94892B6}"
EndProject
Global
	GlobalSection(SolutionConfigurationPlatforms) = preSolution
		Debug|Any CPU = Debug|Any CPU
		Release|Any CPU = Release|Any CPU
	EndGlobalSection
	GlobalSection(ProjectConfigurationPlatforms) = postSolution
		{92DD26A2-B28B-4D39-8F84-473DB94892B6}.Debug|Any CPU.ActiveCfg = Debug|Any CPU
		{92DD26A2-B28B-4D39-8F84-473DB94892B6}.Debug|Any CPU.Build.0 = Debug|Any CPU
		{92DD26A2-B28B-4D39-8F84-473DB94892B6}.Release|Any CPU.ActiveCfg = Release|Any CPU
		{92DD26A2-B28B-4D39-8F84-473DB94892B6}.Release|Any CPU.Build.0 = Release|Any CPU
	EndGlobalSection
	GlobalSection(SolutionProperties) = preSolution
		HideSolutionNode = FALSE
	EndGlobalSection
	GlobalSection(ExtensibilityGlobals) = postSolution
		SolutionGuid = {349B372B-5A02-4048-A59D-B8CA0B6BD8AE}
	EndGlobalSection
EndGlobal
